
Microsoft Visual Studio Solution File, Format Version 12.00
# Visual Studio Version 17
VisualStudioVersion = 17.7.34202.233
MinimumVisualStudioVersion = 10.0.40219.1
Project("{FAE04EC0-301F-11D3-BF4B-00C04F79EFBC}") = "Pętla while", "Pętla while.csproj", "{D92DDB18-7777-47F0-B60A-9AFEBDDE51CB}"
EndProject
Global
	GlobalSection(SolutionConfigurationPlatforms) = preSolution
		Debug|Any CPU = Debug|Any CPU
		Release|Any CPU = Release|Any CPU
	EndGlobalSection
	GlobalSection(ProjectConfigurationPlatforms) = postSolution
		{D92DDB18-7777-47F0-B60A-9AFEBDDE51CB}.Debug|Any CPU.ActiveCfg = Debug|Any CPU
		{D92DDB18-7777-47F0-B60A-9AFEBDDE51CB}.Debug|Any CPU.Build.0 = Debug|Any CPU
		{D92DDB18-7777-47F0-B60A-9AFEBDDE51CB}.Release|Any CPU.ActiveCfg = Release|Any CPU
		{D92DDB18-7777-47F0-B60A-9AFEBDDE51CB}.Release|Any CPU.Build.0 = Release|Any CPU
	EndGlobalSection
	GlobalSection(SolutionProperties) = preSolution
		HideSolutionNode = FALSE
	EndGlobalSection
	GlobalSection(ExtensibilityGlobals) = postSolution
		SolutionGuid = {2083E9EB-FE5B-44F1-A0B3-7EE3A1855F70}
	EndGlobalSection
EndGlobal
